
Microsoft Visual Studio Solution File, Format Version 12.00
# Visual Studio Version 17
VisualStudioVersion = 17.7.34202.233
MinimumVisualStudioVersion = 10.0.40219.1
Project("{8BC9CEB8-8B4A-11D0-8D11-00A0C91BC942}") = "Data Project code", "Data Project code\Data Project code.vcxproj", "{49C286A5-84B9-4A42-B4DF-7FB203344899}"
EndProject
Global
	GlobalSection(SolutionConfigurationPlatforms) = preSolution
		Debug|x64 = Debug|x64
		Debug|x86 = Debug|x86
		Release|x64 = Release|x64
		Release|x86 = Release|x86
	EndGlobalSection
	GlobalSection(ProjectConfigurationPlatforms) = postSolution
		{49C286A5-84B9-4A42-B4DF-7FB203344899}.Debug|x64.ActiveCfg = Debug|x64
		{49C286A5-84B9-4A42-B4DF-7FB203344899}.Debug|x64.Build.0 = Debug|x64
		{49C286A5-84B9-4A42-B4DF-7FB203344899}.Debug|x86.ActiveCfg = Debug|Win32
		{49C286A5-84B9-4A42-B4DF-7FB203344899}.Debug|x86.Build.0 = Debug|Win32
		{49C286A5-84B9-4A42-B4DF-7FB203344899}.Release|x64.ActiveCfg = Release|x64
		{49C286A5-84B9-4A42-B4DF-7FB203344899}.Release|x64.Build.0 = Release|x64
		{49C286A5-84B9-4A42-B4DF-7FB203344899}.Release|x86.ActiveCfg = Release|Win32
		{49C286A5-84B9-4A42-B4DF-7FB203344899}.Release|x86.Build.0 = Release|Win32
	EndGlobalSection
	GlobalSection(SolutionProperties) = preSolution
		HideSolutionNode = FALSE
	EndGlobalSection
	GlobalSection(ExtensibilityGlobals) = postSolution
		SolutionGuid = {82E8AD9E-3B03-4A77-8096-55999B2EFB32}
	EndGlobalSection
EndGlobal
